hash: f1f6cef67247d361bc233c296679a56ef6d5702aa5b9a2531c54947586e0a12d
updated: 2018-03-28T13:11:47.567554+02:00
imports:
- name: github.com/avegao/gocondi
  version: 3574f033857b791ac7b17c7e32f2312b2756f52e
- name: github.com/gin-contrib/sse
  version: 22d885f9ecc78bf4ee5d72b937e4bbcdc58e8cae
- name: github.com/gin-gonic/gin
  version: d459835d2b077e44f7c9b453505ee29881d5d12d
  subpackages:
  - binding
  - render
- name: github.com/golang/protobuf
  version: 925541529c1fa6821df4e44ce2723319eb2be768
  subpackages:
  - proto
  - ptypes
  - ptypes/any
  - ptypes/duration
  - ptypes/timestamp
- name: github.com/heroku/rollrus
  version: 8c4f823801514d40d7c7d6cfa13320af0a091611
- name: github.com/mattn/go-isatty
  version: 6ca4dbf54d38eea1a992b3c722a76a5d1c4cb25c
- name: github.com/pkg/errors
  version: 816c9085562cd7ee03e7f8188a1cfd942858cded
- name: github.com/sirupsen/logrus
  version: c155da19408a8799da419ed3eeb0cb5db0ad5dbc
- name: github.com/stvp/roll
  version: 3627a5cbeaeaa68023abd02bb8687925265f2f63
- name: github.com/ugorji/go
  version: 02537d3a3e32ef636a53519265d211bd208ca488
  subpackages:
  - codec
- name: golang.org/x/crypto
  version: 88942b9c40a4c9d203b82b3731787b672d6e809b
  subpackages:
  - ssh/terminal
- name: golang.org/x/net
  version: 6078986fec03a1dcc236c34816c71b0e05018fda
  subpackages:
  - context
  - http2
  - http2/hpack
  - idna
  - internal/timeseries
  - lex/httplex
  - trace
- name: golang.org/x/sys
  version: 13d03a9a82fba647c21a0ef8fba44a795d0f0835
  subpackages:
  - unix
  - windows
- name: golang.org/x/text
  version: ece95c760240037f89ebcbdd7155ac8cb52e38fa
  subpackages:
  - secure/bidirule
  - transform
  - unicode/bidi
  - unicode/norm
- name: google.golang.org/genproto
  version: ab0870e398d5dd054b868c0db1481ab029b9a9f2
  subpackages:
  - googleapis/rpc/status
- name: google.golang.org/grpc
  version: afc05b9e1d36f289ea16ba294894486a3e458246
  subpackages:
  - balancer
  - balancer/base
  - balancer/roundrobin
  - codes
  - connectivity
  - credentials
  - encoding
  - encoding/proto
  - grpclb/grpc_lb_v1/messages
  - grpclog
  - internal
  - keepalive
  - metadata
  - naming
  - peer
  - resolver
  - resolver/dns
  - resolver/passthrough
  - stats
  - status
  - tap
  - transport
- name: gopkg.in/go-playground/validator.v8
  version: 5f1438d3fca68893a817e4a66806cea46a9e4ebf
- name: gopkg.in/yaml.v2
  version: 4fc5987536ef307a24ca299aee7ae301cde3d221
testImports: []
